// !$*UTF8*$!
{
	archiveVersion = 1;
	classes = {
	};
	objectVersion = 56;
	objects = {

/* Begin PBXBuildFile section */
		9F85A0DF2994C9140026E0F1 /* AppDelegate.swift in Sources */ = {isa = PBXBuildFile; fileRef = 9F85A0DE2994C9140026E0F1 /* AppDelegate.swift */; };
		9F85A0E12994C9140026E0F1 /* SceneDelegate.swift in Sources */ = {isa = PBXBuildFile; fileRef = 9F85A0E02994C9140026E0F1 /* SceneDelegate.swift */; };
		9F85A0E32994C9140026E0F1 /* RMTabBarController.swift in Sources */ = {isa = PBXBuildFile; fileRef = 9F85A0E22994C9140026E0F1 /* RMTabBarController.swift */; };
		9F85A0E82994C9160026E0F1 /* Assets.xcassets in Resources */ = {isa = PBXBuildFile; fileRef = 9F85A0E72994C9160026E0F1 /* Assets.xcassets */; };
		9F85A0EB2994C9160026E0F1 /* LaunchScreen.storyboard in Resources */ = {isa = PBXBuildFile; fileRef = 9F85A0E92994C9160026E0F1 /* LaunchScreen.storyboard */; };
		9F85A0FA2994CD860026E0F1 /* RMLocation.swift in Sources */ = {isa = PBXBuildFile; fileRef = 9F85A0F92994CD860026E0F1 /* RMLocation.swift */; };
		9F85A0FC2994CD9C0026E0F1 /* RMCharacter.swift in Sources */ = {isa = PBXBuildFile; fileRef = 9F85A0FB2994CD9C0026E0F1 /* RMCharacter.swift */; };
		9F85A0FE2994CDB30026E0F1 /* RMEpisode.swift in Sources */ = {isa = PBXBuildFile; fileRef = 9F85A0FD2994CDB30026E0F1 /* RMEpisode.swift */; };
		9F85A1012994CE6D0026E0F1 /* RMCharacterViewController.swift in Sources */ = {isa = PBXBuildFile; fileRef = 9F85A1002994CE6D0026E0F1 /* RMCharacterViewController.swift */; };
		9F85A1032994CE8F0026E0F1 /* RMLocationViewController.swift in Sources */ = {isa = PBXBuildFile; fileRef = 9F85A1022994CE8F0026E0F1 /* RMLocationViewController.swift */; };
		9F85A1052994CEA20026E0F1 /* RMEpisodeViewController.swift in Sources */ = {isa = PBXBuildFile; fileRef = 9F85A1042994CEA20026E0F1 /* RMEpisodeViewController.swift */; };
		9F85A1072994CEC30026E0F1 /* RMSettingsViewController.swift in Sources */ = {isa = PBXBuildFile; fileRef = 9F85A1062994CEC30026E0F1 /* RMSettingsViewController.swift */; };
/* End PBXBuildFile section */

/* Begin PBXFileReference section */
		9F85A0DB2994C9140026E0F1 /* RickAndMorty.app */ = {isa = PBXFileReference; explicitFileType = wrapper.application; includeInIndex = 0; path = RickAndMorty.app; sourceTree = BUILT_PRODUCTS_DIR; };
		9F85A0DE2994C9140026E0F1 /* AppDelegate.swift */ = {isa = PBXFileReference; lastKnownFileType = sourcecode.swift; path = AppDelegate.swift; sourceTree = "<group>"; };
		9F85A0E02994C9140026E0F1 /* SceneDelegate.swift */ = {isa = PBXFileReference; lastKnownFileType = sourcecode.swift; path = SceneDelegate.swift; sourceTree = "<group>"; };
		9F85A0E22994C9140026E0F1 /* RMTabBarController.swift */ = {isa = PBXFileReference; lastKnownFileType = sourcecode.swift; path = RMTabBarController.swift; sourceTree = "<group>"; };
		9F85A0E72994C9160026E0F1 /* Assets.xcassets */ = {isa = PBXFileReference; lastKnownFileType = folder.assetcatalog; path = Assets.xcassets; sourceTree = "<group>"; };
		9F85A0EA2994C9160026E0F1 /* Base */ = {isa = PBXFileReference; lastKnownFileType = file.storyboard; name = Base; path = Base.lproj/LaunchScreen.storyboard; sourceTree = "<group>"; };
		9F85A0EC2994C9160026E0F1 /* Info.plist */ = {isa = PBXFileReference; lastKnownFileType = text.plist.xml; path = Info.plist; sourceTree = "<group>"; };
		9F85A0F92994CD860026E0F1 /* RMLocation.swift */ = {isa = PBXFileReference; lastKnownFileType = sourcecode.swift; path = RMLocation.swift; sourceTree = "<group>"; };
		9F85A0FB2994CD9C0026E0F1 /* RMCharacter.swift */ = {isa = PBXFileReference; lastKnownFileType = sourcecode.swift; path = RMCharacter.swift; sourceTree = "<group>"; };
		9F85A0FD2994CDB30026E0F1 /* RMEpisode.swift */ = {isa = PBXFileReference; lastKnownFileType = sourcecode.swift; path = RMEpisode.swift; sourceTree = "<group>"; };
		9F85A1002994CE6D0026E0F1 /* RMCharacterViewController.swift */ = {isa = PBXFileReference; lastKnownFileType = sourcecode.swift; path = RMCharacterViewController.swift; sourceTree = "<group>"; };
		9F85A1022994CE8F0026E0F1 /* RMLocationViewController.swift */ = {isa = PBXFileReference; lastKnownFileType = sourcecode.swift; path = RMLocationViewController.swift; sourceTree = "<group>"; };
		9F85A1042994CEA20026E0F1 /* RMEpisodeViewController.swift */ = {isa = PBXFileReference; lastKnownFileType = sourcecode.swift; path = RMEpisodeViewController.swift; sourceTree = "<group>"; };
		9F85A1062994CEC30026E0F1 /* RMSettingsViewController.swift */ = {isa = PBXFileReference; lastKnownFileType = sourcecode.swift; path = RMSettingsViewController.swift; sourceTree = "<group>"; };
/* End PBXFileReference section */

/* Begin PBXFrameworksBuildPhase section */
		9F85A0D82994C9140026E0F1 /* Frameworks */ = {
			isa = PBXFrameworksBuildPhase;
			buildActionMask = 2147483647;
			files = (
			);
			runOnlyForDeploymentPostprocessing = 0;
		};
/* End PBXFrameworksBuildPhase section */

/* Begin PBXGroup section */
		9F85A0D22994C9140026E0F1 = {
			isa = PBXGroup;
			children = (
				9F85A0DD2994C9140026E0F1 /* RickAndMorty */,
				9F85A0DC2994C9140026E0F1 /* Products */,
			);
			sourceTree = "<group>";
		};
		9F85A0DC2994C9140026E0F1 /* Products */ = {
			isa = PBXGroup;
			children = (
				9F85A0DB2994C9140026E0F1 /* RickAndMorty.app */,
			);
			name = Products;
			sourceTree = "<group>";
		};
		9F85A0DD2994C9140026E0F1 /* RickAndMorty */ = {
			isa = PBXGroup;
			children = (
				9F85A0F82994CBAF0026E0F1 /* Resources */,
				9F85A0F72994CB9A0026E0F1 /* Managers */,
				9F85A0F62994CB8F0026E0F1 /* APIClient */,
				9F85A0F52994CB820026E0F1 /* ViewModels */,
				9F85A0F42994CB7A0026E0F1 /* Views */,
				9F85A0F32994CB6F0026E0F1 /* Models */,
				9F85A0F22994CB260026E0F1 /* Controllers */,
				9F85A0EC2994C9160026E0F1 /* Info.plist */,
			);
			path = RickAndMorty;
			sourceTree = "<group>";
		};
		9F85A0F22994CB260026E0F1 /* Controllers */ = {
			isa = PBXGroup;
			children = (
				9F85A0FF2994CE230026E0F1 /* Core */,
			);
			path = Controllers;
			sourceTree = "<group>";
		};
		9F85A0F32994CB6F0026E0F1 /* Models */ = {
			isa = PBXGroup;
			children = (
				9F85A0F92994CD860026E0F1 /* RMLocation.swift */,
				9F85A0FB2994CD9C0026E0F1 /* RMCharacter.swift */,
				9F85A0FD2994CDB30026E0F1 /* RMEpisode.swift */,
			);
			path = Models;
			sourceTree = "<group>";
		};
		9F85A0F42994CB7A0026E0F1 /* Views */ = {
			isa = PBXGroup;
			children = (
			);
			path = Views;
			sourceTree = "<group>";
		};
		9F85A0F52994CB820026E0F1 /* ViewModels */ = {
			isa = PBXGroup;
			children = (
			);
			path = ViewModels;
			sourceTree = "<group>";
		};
		9F85A0F62994CB8F0026E0F1 /* APIClient */ = {
			isa = PBXGroup;
			children = (
			);
			path = APIClient;
			sourceTree = "<group>";
		};
		9F85A0F72994CB9A0026E0F1 /* Managers */ = {
			isa = PBXGroup;
			children = (
			);
			path = Managers;
			sourceTree = "<group>";
		};
		9F85A0F82994CBAF0026E0F1 /* Resources */ = {
			isa = PBXGroup;
			children = (
				9F85A0E72994C9160026E0F1 /* Assets.xcassets */,
				9F85A0E92994C9160026E0F1 /* LaunchScreen.storyboard */,
				9F85A0DE2994C9140026E0F1 /* AppDelegate.swift */,
				9F85A0E02994C9140026E0F1 /* SceneDelegate.swift */,
			);
			path = Resources;
			sourceTree = "<group>";
		};
		9F85A0FF2994CE230026E0F1 /* Core */ = {
			isa = PBXGroup;
			children = (
				9F85A0E22994C9140026E0F1 /* RMTabBarController.swift */,
				9F85A1002994CE6D0026E0F1 /* RMCharacterViewController.swift */,
				9F85A1022994CE8F0026E0F1 /* RMLocationViewController.swift */,
				9F85A1042994CEA20026E0F1 /* RMEpisodeViewController.swift */,
				9F85A1062994CEC30026E0F1 /* RMSettingsViewController.swift */,
			);
			path = Core;
			sourceTree = "<group>";
		};
/* End PBXGroup section */

/* Begin PBXNativeTarget section */
		9F85A0DA2994C9140026E0F1 /* RickAndMorty */ = {
			isa = PBXNativeTarget;
			buildConfigurationList = 9F85A0EF2994C9160026E0F1 /* Build configuration list for PBXNativeTarget "RickAndMorty" */;
			buildPhases = (
				9F85A0D72994C9140026E0F1 /* Sources */,
				9F85A0D82994C9140026E0F1 /* Frameworks */,
				9F85A0D92994C9140026E0F1 /* Resources */,
			);
			buildRules = (
			);
			dependencies = (
			);
			name = RickAndMorty;
			productName = RickAndMorty;
			productReference = 9F85A0DB2994C9140026E0F1 /* RickAndMorty.app */;
			productType = "com.apple.product-type.application";
		};
/* End PBXNativeTarget section */

/* Begin PBXProject section */
		9F85A0D32994C9140026E0F1 /* Project object */ = {
			isa = PBXProject;
			attributes = {
				BuildIndependentTargetsInParallel = 1;
				LastSwiftUpdateCheck = 1400;
				LastUpgradeCheck = 1400;
				TargetAttributes = {
					9F85A0DA2994C9140026E0F1 = {
						CreatedOnToolsVersion = 14.0.1;
					};
				};
			};
			buildConfigurationList = 9F85A0D62994C9140026E0F1 /* Build configuration list for PBXProject "RickAndMorty" */;
			compatibilityVersion = "Xcode 14.0";
			developmentRegion = en;
			hasScannedForEncodings = 0;
			knownRegions = (
				en,
				Base,
			);
			mainGroup = 9F85A0D22994C9140026E0F1;
			productRefGroup = 9F85A0DC2994C9140026E0F1 /* Products */;
			projectDirPath = "";
			projectRoot = "";
			targets = (
				9F85A0DA2994C9140026E0F1 /* RickAndMorty */,
			);
		};
/* End PBXProject section */

/* Begin PBXResourcesBuildPhase section */
		9F85A0D92994C9140026E0F1 /* Resources */ = {
			isa = PBXResourcesBuildPhase;
			buildActionMask = 2147483647;
			files = (
				9F85A0EB2994C9160026E0F1 /* LaunchScreen.storyboard in Resources */,
				9F85A0E82994C9160026E0F1 /* Assets.xcassets in Resources */,
			);
			runOnlyForDeploymentPostprocessing = 0;
		};
/* End PBXResourcesBuildPhase section */

/* Begin PBXSourcesBuildPhase section */
		9F85A0D72994C9140026E0F1 /* Sources */ = {
			isa = PBXSourcesBuildPhase;
			buildActionMask = 2147483647;
			files = (
				9F85A1032994CE8F0026E0F1 /* RMLocationViewController.swift in Sources */,
				9F85A0FE2994CDB30026E0F1 /* RMEpisode.swift in Sources */,
				9F85A0E32994C9140026E0F1 /* RMTabBarController.swift in Sources */,
				9F85A1052994CEA20026E0F1 /* RMEpisodeViewController.swift in Sources */,
				9F85A0DF2994C9140026E0F1 /* AppDelegate.swift in Sources */,
				9F85A0E12994C9140026E0F1 /* SceneDelegate.swift in Sources */,
				9F85A1072994CEC30026E0F1 /* RMSettingsViewController.swift in Sources */,
				9F85A0FA2994CD860026E0F1 /* RMLocation.swift in Sources */,
				9F85A0FC2994CD9C0026E0F1 /* RMCharacter.swift in Sources */,
				9F85A1012994CE6D0026E0F1 /* RMCharacterViewController.swift in Sources */,
			);
			runOnlyForDeploymentPostprocessing = 0;
		};
/* End PBXSourcesBuildPhase section */

/* Begin PBXVariantGroup section */
		9F85A0E92994C9160026E0F1 /* LaunchScreen.storyboard */ = {
			isa = PBXVariantGroup;
			children = (
				9F85A0EA2994C9160026E0F1 /* Base */,
			);
			name = LaunchScreen.storyboard;
			sourceTree = "<group>";
		};
/* End PBXVariantGroup section */

/* Begin XCBuildConfiguration section */
		9F85A0ED2994C9160026E0F1 /* Debug */ = {
			isa = XCBuildConfiguration;
			buildSettings = {
				ALWAYS_SEARCH_USER_PATHS = NO;
				CLANG_ANALYZER_NONNULL = YES;
				CLANG_ANALYZER_NUMBER_OBJECT_CONVERSION = YES_AGGRESSIVE;
				CLANG_CXX_LANGUAGE_STANDARD = "gnu++20";
				CLANG_ENABLE_MODULES = YES;
				CLANG_ENABLE_OBJC_ARC = YES;
				CLANG_ENABLE_OBJC_WEAK = YES;
				CLANG_WARN_BLOCK_CAPTURE_AUTORELEASING = YES;
				CLANG_WARN_BOOL_CONVERSION = YES;
				CLANG_WARN_COMMA = YES;
				CLANG_WARN_CONSTANT_CONVERSION = YES;
				CLANG_WARN_DEPRECATED_OBJC_IMPLEMENTATIONS = YES;
				CLANG_WARN_DIRECT_OBJC_ISA_USAGE = YES_ERROR;
				CLANG_WARN_DOCUMENTATION_COMMENTS = YES;
				CLANG_WARN_EMPTY_BODY = YES;
				CLANG_WARN_ENUM_CONVERSION = YES;
				CLANG_WARN_INFINITE_RECURSION = YES;
				CLANG_WARN_INT_CONVERSION = YES;
				CLANG_WARN_NON_LITERAL_NULL_CONVERSION = YES;
				CLANG_WARN_OBJC_IMPLICIT_RETAIN_SELF = YES;
				CLANG_WARN_OBJC_LITERAL_CONVERSION = YES;
				CLANG_WARN_OBJC_ROOT_CLASS = YES_ERROR;
				CLANG_WARN_QUOTED_INCLUDE_IN_FRAMEWORK_HEADER = YES;
				CLANG_WARN_RANGE_LOOP_ANALYSIS = YES;
				CLANG_WARN_STRICT_PROTOTYPES = YES;
				CLANG_WARN_SUSPICIOUS_MOVE = YES;
				CLANG_WARN_UNGUARDED_AVAILABILITY = YES_AGGRESSIVE;
				CLANG_WARN_UNREACHABLE_CODE = YES;
				CLANG_WARN__DUPLICATE_METHOD_MATCH = YES;
				COPY_PHASE_STRIP = NO;
				DEBUG_INFORMATION_FORMAT = dwarf;
				ENABLE_STRICT_OBJC_MSGSEND = YES;
				ENABLE_TESTABILITY = YES;
				GCC_C_LANGUAGE_STANDARD = gnu11;
				GCC_DYNAMIC_NO_PIC = NO;
				GCC_NO_COMMON_BLOCKS = YES;
				GCC_OPTIMIZATION_LEVEL = 0;
				GCC_PREPROCESSOR_DEFINITIONS = (
					"DEBUG=1",
					"$(inherited)",
				);
				GCC_WARN_64_TO_32_BIT_CONVERSION = YES;
				GCC_WARN_ABOUT_RETURN_TYPE = YES_ERROR;
				GCC_WARN_UNDECLARED_SELECTOR = YES;
				GCC_WARN_UNINITIALIZED_AUTOS = YES_AGGRESSIVE;
				GCC_WARN_UNUSED_FUNCTION = YES;
				GCC_WARN_UNUSED_VARIABLE = YES;
				IPHONEOS_DEPLOYMENT_TARGET = 16.0;
				MTL_ENABLE_DEBUG_INFO = INCLUDE_SOURCE;
				MTL_FAST_MATH = YES;
				ONLY_ACTIVE_ARCH = YES;
				SDKROOT = iphoneos;
				SWIFT_ACTIVE_COMPILATION_CONDITIONS = DEBUG;
				SWIFT_OPTIMIZATION_LEVEL = "-Onone";
			};
			name = Debug;
		};
		9F85A0EE2994C9160026E0F1 /* Release */ = {
			isa = XCBuildConfiguration;
			buildSettings = {
				ALWAYS_SEARCH_USER_PATHS = NO;
				CLANG_ANALYZER_NONNULL = YES;
				CLANG_ANALYZER_NUMBER_OBJECT_CONVERSION = YES_AGGRESSIVE;
				CLANG_CXX_LANGUAGE_STANDARD = "gnu++20";
				CLANG_ENABLE_MODULES = YES;
				CLANG_ENABLE_OBJC_ARC = YES;
				CLANG_ENABLE_OBJC_WEAK = YES;
				CLANG_WARN_BLOCK_CAPTURE_AUTORELEASING = YES;
				CLANG_WARN_BOOL_CONVERSION = YES;
				CLANG_WARN_COMMA = YES;
				CLANG_WARN_CONSTANT_CONVERSION = YES;
				CLANG_WARN_DEPRECATED_OBJC_IMPLEMENTATIONS = YES;
				CLANG_WARN_DIRECT_OBJC_ISA_USAGE = YES_ERROR;
				CLANG_WARN_DOCUMENTATION_COMMENTS = YES;
				CLANG_WARN_EMPTY_BODY = YES;
				CLANG_WARN_ENUM_CONVERSION = YES;
				CLANG_WARN_INFINITE_RECURSION = YES;
				CLANG_WARN_INT_CONVERSION = YES;
				CLANG_WARN_NON_LITERAL_NULL_CONVERSION = YES;
				CLANG_WARN_OBJC_IMPLICIT_RETAIN_SELF = YES;
				CLANG_WARN_OBJC_LITERAL_CONVERSION = YES;
				CLANG_WARN_OBJC_ROOT_CLASS = YES_ERROR;
				CLANG_WARN_QUOTED_INCLUDE_IN_FRAMEWORK_HEADER = YES;
				CLANG_WARN_RANGE_LOOP_ANALYSIS = YES;
				CLANG_WARN_STRICT_PROTOTYPES = YES;
				CLANG_WARN_SUSPICIOUS_MOVE = YES;
				CLANG_WARN_UNGUARDED_AVAILABILITY = YES_AGGRESSIVE;
				CLANG_WARN_UNREACHABLE_CODE = YES;
				CLANG_WARN__DUPLICATE_METHOD_MATCH = YES;
				COPY_PHASE_STRIP = NO;
				DEBUG_INFORMATION_FORMAT = "dwarf-with-dsym";
				ENABLE_NS_ASSERTIONS = NO;
				ENABLE_STRICT_OBJC_MSGSEND = YES;
				GCC_C_LANGUAGE_STANDARD = gnu11;
				GCC_NO_COMMON_BLOCKS = YES;
				GCC_WARN_64_TO_32_BIT_CONVERSION = YES;
				GCC_WARN_ABOUT_RETURN_TYPE = YES_ERROR;
				GCC_WARN_UNDECLARED_SELECTOR = YES;
				GCC_WARN_UNINITIALIZED_AUTOS = YES_AGGRESSIVE;
				GCC_WARN_UNUSED_FUNCTION = YES;
				GCC_WARN_UNUSED_VARIABLE = YES;
				IPHONEOS_DEPLOYMENT_TARGET = 16.0;
				MTL_ENABLE_DEBUG_INFO = NO;
				MTL_FAST_MATH = YES;
				SDKROOT = iphoneos;
				SWIFT_COMPILATION_MODE = wholemodule;
				SWIFT_OPTIMIZATION_LEVEL = "-O";
				VALIDATE_PRODUCT = YES;
			};
			name = Release;
		};
		9F85A0F02994C9160026E0F1 /* Debug */ = {
			isa = XCBuildConfiguration;
			buildSettings = {
				ASSETCATALOG_COMPILER_APPICON_NAME = AppIcon;
				ASSETCATALOG_COMPILER_GLOBAL_ACCENT_COLOR_NAME = AccentColor;
				CODE_SIGN_STYLE = Automatic;
				CURRENT_PROJECT_VERSION = 1;
				DEVELOPMENT_TEAM = FSCV28PNC8;
				GENERATE_INFOPLIST_FILE = YES;
				INFOPLIST_FILE = RickAndMorty/Info.plist;
				INFOPLIST_KEY_UIApplicationSupportsIndirectInputEvents = YES;
				INFOPLIST_KEY_UILaunchStoryboardName = LaunchScreen;
				INFOPLIST_KEY_UISupportedInterfaceOrientations_iPad = "UIInterfaceOrientationPortrait UIInterfaceOrientationPortraitUpsideDown UIInterfaceOrientationLandscapeLeft UIInterfaceOrientationLandscapeRight";
				INFOPLIST_KEY_UISupportedInterfaceOrientations_iPhone = "UIInterfaceOrientationPortrait UIInterfaceOrientationLandscapeLeft UIInterfaceOrientationLandscapeRight";
				LD_RUNPATH_SEARCH_PATHS = (
					"$(inherited)",
					"@executable_path/Frameworks",
				);
				MARKETING_VERSION = 1.0;
				PRODUCT_BUNDLE_IDENTIFIER = almazcompany.RickAndMorty;
				PRODUCT_NAME = "$(TARGET_NAME)";
				SWIFT_EMIT_LOC_STRINGS = YES;
				SWIFT_VERSION = 5.0;
				TARGETED_DEVICE_FAMILY = "1,2";
			};
			name = Debug;
		};
		9F85A0F12994C9160026E0F1 /* Release */ = {
			isa = XCBuildConfiguration;
			buildSettings = {
				ASSETCATALOG_COMPILER_APPICON_NAME = AppIcon;
				ASSETCATALOG_COMPILER_GLOBAL_ACCENT_COLOR_NAME = AccentColor;
				CODE_SIGN_STYLE = Automatic;
				CURRENT_PROJECT_VERSION = 1;
				DEVELOPMENT_TEAM = FSCV28PNC8;
				GENERATE_INFOPLIST_FILE = YES;
				INFOPLIST_FILE = RickAndMorty/Info.plist;
				INFOPLIST_KEY_UIApplicationSupportsIndirectInputEvents = YES;
				INFOPLIST_KEY_UILaunchStoryboardName = LaunchScreen;
				INFOPLIST_KEY_UISupportedInterfaceOrientations_iPad = "UIInterfaceOrientationPortrait UIInterfaceOrientationPortraitUpsideDown UIInterfaceOrientationLandscapeLeft UIInterfaceOrientationLandscapeRight";
				INFOPLIST_KEY_UISupportedInterfaceOrientations_iPhone = "UIInterfaceOrientationPortrait UIInterfaceOrientationLandscapeLeft UIInterfaceOrientationLandscapeRight";
				LD_RUNPATH_SEARCH_PATHS = (
					"$(inherited)",
					"@executable_path/Frameworks",
				);
				MARKETING_VERSION = 1.0;
				PRODUCT_BUNDLE_IDENTIFIER = almazcompany.RickAndMorty;
				PRODUCT_NAME = "$(TARGET_NAME)";
				SWIFT_EMIT_LOC_STRINGS = YES;
				SWIFT_VERSION = 5.0;
				TARGETED_DEVICE_FAMILY = "1,2";
			};
			name = Release;
		};
/* End XCBuildConfiguration section */

/* Begin XCConfigurationList section */
		9F85A0D62994C9140026E0F1 /* Build configuration list for PBXProject "RickAndMorty" */ = {
			isa = XCConfigurationList;
			buildConfigurations = (
				9F85A0ED2994C9160026E0F1 /* Debug */,
				9F85A0EE2994C9160026E0F1 /* Release */,
			);
			defaultConfigurationIsVisible = 0;
			defaultConfigurationName = Release;
		};
		9F85A0EF2994C9160026E0F1 /* Build configuration list for PBXNativeTarget "RickAndMorty" */ = {
			isa = XCConfigurationList;
			buildConfigurations = (
				9F85A0F02994C9160026E0F1 /* Debug */,
				9F85A0F12994C9160026E0F1 /* Release */,
			);
			defaultConfigurationIsVisible = 0;
			defaultConfigurationName = Release;
		};
/* End XCConfigurationList section */
	};
	rootObject = 9F85A0D32994C9140026E0F1 /* Project object */;
}
